
Microsoft Visual Studio Solution File, Format Version 12.00
# Visual Studio 14
VisualStudioVersion = 14.0.25123.0
MinimumVisualStudioVersion = 10.0.40219.1
Project("{FAE04EC0-301F-11D3-BF4B-00C04F79EFBC}") = "cPanelSharp", "cPanelSharp\cPanelSharp.csproj", "{34F38FC9-12C1-4C0B-9462-C3447EBC006E}"
EndProject
Project("{FAE04EC0-301F-11D3-BF4B-00C04F79EFBC}") = "cPanelSharpTest", "cPanelSharpTest\cPanelSharpTest.csproj", "{DD81D5C5-5633-469F-9BF6-896793D2E494}"
EndProject
Global
	GlobalSection(SolutionConfigurationPlatforms) = preSolution
		Debug|Any CPU = Debug|Any CPU
		Release|Any CPU = Release|Any CPU
	EndGlobalSection
	GlobalSection(ProjectConfigurationPlatforms) = postSolution
		{34F38FC9-12C1-4C0B-9462-C3447EBC006E}.Debug|Any CPU.ActiveCfg = Debug|Any CPU
		{34F38FC9-12C1-4C0B-9462-C3447EBC006E}.Debug|Any CPU.Build.0 = Debug|Any CPU
		{34F38FC9-12C1-4C0B-9462-C3447EBC006E}.Release|Any CPU.ActiveCfg = Release|Any CPU
		{34F38FC9-12C1-4C0B-9462-C3447EBC006E}.Release|Any CPU.Build.0 = Release|Any CPU
		{DD81D5C5-5633-469F-9BF6-896793D2E494}.Debug|Any CPU.ActiveCfg = Debug|Any CPU
		{DD81D5C5-5633-469F-9BF6-896793D2E494}.Debug|Any CPU.Build.0 = Debug|Any CPU
		{DD81D5C5-5633-469F-9BF6-896793D2E494}.Release|Any CPU.ActiveCfg = Release|Any CPU
		{DD81D5C5-5633-469F-9BF6-896793D2E494}.Release|Any CPU.Build.0 = Release|Any CPU
	EndGlobalSection
	GlobalSection(SolutionProperties) = preSolution
		HideSolutionNode = FALSE
	EndGlobalSection
EndGlobal
